
Microsoft Visual Studio Solution File, Format Version 12.00
# Visual Studio Version 17
VisualStudioVersion = 17.8.34525.116
MinimumVisualStudioVersion = 10.0.40219.1
Project("{888888A0-9F3D-457C-B088-3A5042F75D52}") = "SpeechWithChatBotGPT", "SpeechWithChatBotGPT\SpeechWithChatBotGPT.pyproj", "{DC3B2A94-BD1E-4C5A-B41A-65FB4E0EEB5F}"
EndProject
Global
	GlobalSection(SolutionConfigurationPlatforms) = preSolution
		Debug|Any CPU = Debug|Any CPU
		Release|Any CPU = Release|Any CPU
	EndGlobalSection
	GlobalSection(ProjectConfigurationPlatforms) = postSolution
		{DC3B2A94-BD1E-4C5A-B41A-65FB4E0EEB5F}.Debug|Any CPU.ActiveCfg = Debug|Any CPU
		{DC3B2A94-BD1E-4C5A-B41A-65FB4E0EEB5F}.Release|Any CPU.ActiveCfg = Release|Any CPU
	EndGlobalSection
	GlobalSection(SolutionProperties) = preSolution
		HideSolutionNode = FALSE
	EndGlobalSection
	GlobalSection(ExtensibilityGlobals) = postSolution
		SolutionGuid = {8E5699D5-F593-4A7D-B6C7-93BABA5DB542}
	EndGlobalSection
EndGlobal
